// !$*UTF8*$!
{
	archiveVersion = 1;
	classes = {
	};
	objectVersion = 50;
	objects = {

/* Begin PBXBuildFile section */
		BF5ECA5826347995000B10E8 /* AppDelegate.swift in Sources */ = {isa = PBXBuildFile; fileRef = BF5ECA5726347995000B10E8 /* AppDelegate.swift */; };
		BF5ECA5A26347995000B10E8 /* SceneDelegate.swift in Sources */ = {isa = PBXBuildFile; fileRef = BF5ECA5926347995000B10E8 /* SceneDelegate.swift */; };
		BF5ECA5C26347995000B10E8 /* ViewController.swift in Sources */ = {isa = PBXBuildFile; fileRef = BF5ECA5B26347995000B10E8 /* ViewController.swift */; };
		BF5ECA5F26347996000B10E8 /* Main.storyboard in Resources */ = {isa = PBXBuildFile; fileRef = BF5ECA5D26347996000B10E8 /* Main.storyboard */; };
		BF5ECA6226347996000B10E8 /* Marvel_Heroes.xcdatamodeld in Sources */ = {isa = PBXBuildFile; fileRef = BF5ECA6026347996000B10E8 /* Marvel_Heroes.xcdatamodeld */; };
		BF5ECA6426347999000B10E8 /* Assets.xcassets in Resources */ = {isa = PBXBuildFile; fileRef = BF5ECA6326347999000B10E8 /* Assets.xcassets */; };
		BF5ECA6726347999000B10E8 /* LaunchScreen.storyboard in Resources */ = {isa = PBXBuildFile; fileRef = BF5ECA6526347999000B10E8 /* LaunchScreen.storyboard */; };
		BF5ECA7226347999000B10E8 /* Marvel_HeroesTests.swift in Sources */ = {isa = PBXBuildFile; fileRef = BF5ECA7126347999000B10E8 /* Marvel_HeroesTests.swift */; };
		BF5ECA7D26347999000B10E8 /* Marvel_HeroesUITests.swift in Sources */ = {isa = PBXBuildFile; fileRef = BF5ECA7C26347999000B10E8 /* Marvel_HeroesUITests.swift */; };
/* End PBXBuildFile section */

/* Begin PBXContainerItemProxy section */
		BF5ECA6E26347999000B10E8 /* PBXContainerItemProxy */ = {
			isa = PBXContainerItemProxy;
			containerPortal = BF5ECA4C26347995000B10E8 /* Project object */;
			proxyType = 1;
			remoteGlobalIDString = BF5ECA5326347995000B10E8;
			remoteInfo = "Marvel Heroes";
		};
		BF5ECA7926347999000B10E8 /* PBXContainerItemProxy */ = {
			isa = PBXContainerItemProxy;
			containerPortal = BF5ECA4C26347995000B10E8 /* Project object */;
			proxyType = 1;
			remoteGlobalIDString = BF5ECA5326347995000B10E8;
			remoteInfo = "Marvel Heroes";
		};
/* End PBXContainerItemProxy section */

/* Begin PBXFileReference section */
		BF5ECA5426347995000B10E8 /* Marvel Heroes.app */ = {isa = PBXFileReference; explicitFileType = wrapper.application; includeInIndex = 0; path = "Marvel Heroes.app"; sourceTree = BUILT_PRODUCTS_DIR; };
		BF5ECA5726347995000B10E8 /* AppDelegate.swift */ = {isa = PBXFileReference; lastKnownFileType = sourcecode.swift; path = AppDelegate.swift; sourceTree = "<group>"; };
		BF5ECA5926347995000B10E8 /* SceneDelegate.swift */ = {isa = PBXFileReference; lastKnownFileType = sourcecode.swift; path = SceneDelegate.swift; sourceTree = "<group>"; };
		BF5ECA5B26347995000B10E8 /* ViewController.swift */ = {isa = PBXFileReference; lastKnownFileType = sourcecode.swift; path = ViewController.swift; sourceTree = "<group>"; };
		BF5ECA5E26347996000B10E8 /* Base */ = {isa = PBXFileReference; lastKnownFileType = file.storyboard; name = Base; path = Base.lproj/Main.storyboard; sourceTree = "<group>"; };
		BF5ECA6126347996000B10E8 /* Marvel_Heroes.xcdatamodel */ = {isa = PBXFileReference; lastKnownFileType = wrapper.xcdatamodel; path = Marvel_Heroes.xcdatamodel; sourceTree = "<group>"; };
		BF5ECA6326347999000B10E8 /* Assets.xcassets */ = {isa = PBXFileReference; lastKnownFileType = folder.assetcatalog; path = Assets.xcassets; sourceTree = "<group>"; };
		BF5ECA6626347999000B10E8 /* Base */ = {isa = PBXFileReference; lastKnownFileType = file.storyboard; name = Base; path = Base.lproj/LaunchScreen.storyboard; sourceTree = "<group>"; };
		BF5ECA6826347999000B10E8 /* Info.plist */ = {isa = PBXFileReference; lastKnownFileType = text.plist.xml; path = Info.plist; sourceTree = "<group>"; };
		BF5ECA6D26347999000B10E8 /* Marvel HeroesTests.xctest */ = {isa = PBXFileReference; explicitFileType = wrapper.cfbundle; includeInIndex = 0; path = "Marvel HeroesTests.xctest"; sourceTree = BUILT_PRODUCTS_DIR; };
		BF5ECA7126347999000B10E8 /* Marvel_HeroesTests.swift */ = {isa = PBXFileReference; lastKnownFileType = sourcecode.swift; path = Marvel_HeroesTests.swift; sourceTree = "<group>"; };
		BF5ECA7326347999000B10E8 /* Info.plist */ = {isa = PBXFileReference; lastKnownFileType = text.plist.xml; path = Info.plist; sourceTree = "<group>"; };
		BF5ECA7826347999000B10E8 /* Marvel HeroesUITests.xctest */ = {isa = PBXFileReference; explicitFileType = wrapper.cfbundle; includeInIndex = 0; path = "Marvel HeroesUITests.xctest"; sourceTree = BUILT_PRODUCTS_DIR; };
		BF5ECA7C26347999000B10E8 /* Marvel_HeroesUITests.swift */ = {isa = PBXFileReference; lastKnownFileType = sourcecode.swift; path = Marvel_HeroesUITests.swift; sourceTree = "<group>"; };
		BF5ECA7E2634799A000B10E8 /* Info.plist */ = {isa = PBXFileReference; lastKnownFileType = text.plist.xml; path = Info.plist; sourceTree = "<group>"; };
/* End PBXFileReference section */

/* Begin PBXFrameworksBuildPhase section */
		BF5ECA5126347995000B10E8 /* Frameworks */ = {
			isa = PBXFrameworksBuildPhase;
			buildActionMask = 2147483647;
			files = (
			);
			runOnlyForDeploymentPostprocessing = 0;
		};
		BF5ECA6A26347999000B10E8 /* Frameworks */ = {
			isa = PBXFrameworksBuildPhase;
			buildActionMask = 2147483647;
			files = (
			);
			runOnlyForDeploymentPostprocessing = 0;
		};
		BF5ECA7526347999000B10E8 /* Frameworks */ = {
			isa = PBXFrameworksBuildPhase;
			buildActionMask = 2147483647;
			files = (
			);
			runOnlyForDeploymentPostprocessing = 0;
		};
/* End PBXFrameworksBuildPhase section */

/* Begin PBXGroup section */
		BF5ECA4B26347995000B10E8 = {
			isa = PBXGroup;
			children = (
				BF5ECA5626347995000B10E8 /* Marvel Heroes */,
				BF5ECA7026347999000B10E8 /* Marvel HeroesTests */,
				BF5ECA7B26347999000B10E8 /* Marvel HeroesUITests */,
				BF5ECA5526347995000B10E8 /* Products */,
			);
			sourceTree = "<group>";
		};
		BF5ECA5526347995000B10E8 /* Products */ = {
			isa = PBXGroup;
			children = (
				BF5ECA5426347995000B10E8 /* Marvel Heroes.app */,
				BF5ECA6D26347999000B10E8 /* Marvel HeroesTests.xctest */,
				BF5ECA7826347999000B10E8 /* Marvel HeroesUITests.xctest */,
			);
			name = Products;
			sourceTree = "<group>";
		};
		BF5ECA5626347995000B10E8 /* Marvel Heroes */ = {
			isa = PBXGroup;
			children = (
				BF5ECA5726347995000B10E8 /* AppDelegate.swift */,
				BF5ECA5926347995000B10E8 /* SceneDelegate.swift */,
				BF5ECA5B26347995000B10E8 /* ViewController.swift */,
				BF5ECA5D26347996000B10E8 /* Main.storyboard */,
				BF5ECA6326347999000B10E8 /* Assets.xcassets */,
				BF5ECA6526347999000B10E8 /* LaunchScreen.storyboard */,
				BF5ECA6826347999000B10E8 /* Info.plist */,
				BF5ECA6026347996000B10E8 /* Marvel_Heroes.xcdatamodeld */,
			);
			path = "Marvel Heroes";
			sourceTree = "<group>";
		};
		BF5ECA7026347999000B10E8 /* Marvel HeroesTests */ = {
			isa = PBXGroup;
			children = (
				BF5ECA7126347999000B10E8 /* Marvel_HeroesTests.swift */,
				BF5ECA7326347999000B10E8 /* Info.plist */,
			);
			path = "Marvel HeroesTests";
			sourceTree = "<group>";
		};
		BF5ECA7B26347999000B10E8 /* Marvel HeroesUITests */ = {
			isa = PBXGroup;
			children = (
				BF5ECA7C26347999000B10E8 /* Marvel_HeroesUITests.swift */,
				BF5ECA7E2634799A000B10E8 /* Info.plist */,
			);
			path = "Marvel HeroesUITests";
			sourceTree = "<group>";
		};
/* End PBXGroup section */

/* Begin PBXNativeTarget section */
		BF5ECA5326347995000B10E8 /* Marvel Heroes */ = {
			isa = PBXNativeTarget;
			buildConfigurationList = BF5ECA812634799A000B10E8 /* Build configuration list for PBXNativeTarget "Marvel Heroes" */;
			buildPhases = (
				BF5ECA5026347995000B10E8 /* Sources */,
				BF5ECA5126347995000B10E8 /* Frameworks */,
				BF5ECA5226347995000B10E8 /* Resources */,
			);
			buildRules = (
			);
			dependencies = (
			);
			name = "Marvel Heroes";
			productName = "Marvel Heroes";
			productReference = BF5ECA5426347995000B10E8 /* Marvel Heroes.app */;
			productType = "com.apple.product-type.application";
		};
		BF5ECA6C26347999000B10E8 /* Marvel HeroesTests */ = {
			isa = PBXNativeTarget;
			buildConfigurationList = BF5ECA842634799A000B10E8 /* Build configuration list for PBXNativeTarget "Marvel HeroesTests" */;
			buildPhases = (
				BF5ECA6926347999000B10E8 /* Sources */,
				BF5ECA6A26347999000B10E8 /* Frameworks */,
				BF5ECA6B26347999000B10E8 /* Resources */,
			);
			buildRules = (
			);
			dependencies = (
				BF5ECA6F26347999000B10E8 /* PBXTargetDependency */,
			);
			name = "Marvel HeroesTests";
			productName = "Marvel HeroesTests";
			productReference = BF5ECA6D26347999000B10E8 /* Marvel HeroesTests.xctest */;
			productType = "com.apple.product-type.bundle.unit-test";
		};
		BF5ECA7726347999000B10E8 /* Marvel HeroesUITests */ = {
			isa = PBXNativeTarget;
			buildConfigurationList = BF5ECA872634799A000B10E8 /* Build configuration list for PBXNativeTarget "Marvel HeroesUITests" */;
			buildPhases = (
				BF5ECA7426347999000B10E8 /* Sources */,
				BF5ECA7526347999000B10E8 /* Frameworks */,
				BF5ECA7626347999000B10E8 /* Resources */,
			);
			buildRules = (
			);
			dependencies = (
				BF5ECA7A26347999000B10E8 /* PBXTargetDependency */,
			);
			name = "Marvel HeroesUITests";
			productName = "Marvel HeroesUITests";
			productReference = BF5ECA7826347999000B10E8 /* Marvel HeroesUITests.xctest */;
			productType = "com.apple.product-type.bundle.ui-testing";
		};
/* End PBXNativeTarget section */

/* Begin PBXProject section */
		BF5ECA4C26347995000B10E8 /* Project object */ = {
			isa = PBXProject;
			attributes = {
				LastSwiftUpdateCheck = 1240;
				LastUpgradeCheck = 1240;
				TargetAttributes = {
					BF5ECA5326347995000B10E8 = {
						CreatedOnToolsVersion = 12.4;
					};
					BF5ECA6C26347999000B10E8 = {
						CreatedOnToolsVersion = 12.4;
						TestTargetID = BF5ECA5326347995000B10E8;
					};
					BF5ECA7726347999000B10E8 = {
						CreatedOnToolsVersion = 12.4;
						TestTargetID = BF5ECA5326347995000B10E8;
					};
				};
			};
			buildConfigurationList = BF5ECA4F26347995000B10E8 /* Build configuration list for PBXProject "Marvel Heroes" */;
			compatibilityVersion = "Xcode 9.3";
			developmentRegion = en;
			hasScannedForEncodings = 0;
			knownRegions = (
				en,
				Base,
			);
			mainGroup = BF5ECA4B26347995000B10E8;
			productRefGroup = BF5ECA5526347995000B10E8 /* Products */;
			projectDirPath = "";
			projectRoot = "";
			targets = (
				BF5ECA5326347995000B10E8 /* Marvel Heroes */,
				BF5ECA6C26347999000B10E8 /* Marvel HeroesTests */,
				BF5ECA7726347999000B10E8 /* Marvel HeroesUITests */,
			);
		};
/* End PBXProject section */

/* Begin PBXResourcesBuildPhase section */
		BF5ECA5226347995000B10E8 /* Resources */ = {
			isa = PBXResourcesBuildPhase;
			buildActionMask = 2147483647;
			files = (
				BF5ECA6726347999000B10E8 /* LaunchScreen.storyboard in Resources */,
				BF5ECA6426347999000B10E8 /* Assets.xcassets in Resources */,
				BF5ECA5F26347996000B10E8 /* Main.storyboard in Resources */,
			);
			runOnlyForDeploymentPostprocessing = 0;
		};
		BF5ECA6B26347999000B10E8 /* Resources */ = {
			isa = PBXResourcesBuildPhase;
			buildActionMask = 2147483647;
			files = (
			);
			runOnlyForDeploymentPostprocessing = 0;
		};
		BF5ECA7626347999000B10E8 /* Resources */ = {
			isa = PBXResourcesBuildPhase;
			buildActionMask = 2147483647;
			files = (
			);
			runOnlyForDeploymentPostprocessing = 0;
		};
/* End PBXResourcesBuildPhase section */

/* Begin PBXSourcesBuildPhase section */
		BF5ECA5026347995000B10E8 /* Sources */ = {
			isa = PBXSourcesBuildPhase;
			buildActionMask = 2147483647;
			files = (
				BF5ECA5C26347995000B10E8 /* ViewController.swift in Sources */,
				BF5ECA5826347995000B10E8 /* AppDelegate.swift in Sources */,
				BF5ECA6226347996000B10E8 /* Marvel_Heroes.xcdatamodeld in Sources */,
				BF5ECA5A26347995000B10E8 /* SceneDelegate.swift in Sources */,
			);
			runOnlyForDeploymentPostprocessing = 0;
		};
		BF5ECA6926347999000B10E8 /* Sources */ = {
			isa = PBXSourcesBuildPhase;
			buildActionMask = 2147483647;
			files = (
				BF5ECA7226347999000B10E8 /* Marvel_HeroesTests.swift in Sources */,
			);
			runOnlyForDeploymentPostprocessing = 0;
		};
		BF5ECA7426347999000B10E8 /* Sources */ = {
			isa = PBXSourcesBuildPhase;
			buildActionMask = 2147483647;
			files = (
				BF5ECA7D26347999000B10E8 /* Marvel_HeroesUITests.swift in Sources */,
			);
			runOnlyForDeploymentPostprocessing = 0;
		};
/* End PBXSourcesBuildPhase section */

/* Begin PBXTargetDependency section */
		BF5ECA6F26347999000B10E8 /* PBXTargetDependency */ = {
			isa = PBXTargetDependency;
			target = BF5ECA5326347995000B10E8 /* Marvel Heroes */;
			targetProxy = BF5ECA6E26347999000B10E8 /* PBXContainerItemProxy */;
		};
		BF5ECA7A26347999000B10E8 /* PBXTargetDependency */ = {
			isa = PBXTargetDependency;
			target = BF5ECA5326347995000B10E8 /* Marvel Heroes */;
			targetProxy = BF5ECA7926347999000B10E8 /* PBXContainerItemProxy */;
		};
/* End PBXTargetDependency section */

/* Begin PBXVariantGroup section */
		BF5ECA5D26347996000B10E8 /* Main.storyboard */ = {
			isa = PBXVariantGroup;
			children = (
				BF5ECA5E26347996000B10E8 /* Base */,
			);
			name = Main.storyboard;
			sourceTree = "<group>";
		};
		BF5ECA6526347999000B10E8 /* LaunchScreen.storyboard */ = {
			isa = PBXVariantGroup;
			children = (
				BF5ECA6626347999000B10E8 /* Base */,
			);
			name = LaunchScreen.storyboard;
			sourceTree = "<group>";
		};
/* End PBXVariantGroup section */

/* Begin XCBuildConfiguration section */
		BF5ECA7F2634799A000B10E8 /* Debug */ = {
			isa = XCBuildConfiguration;
			buildSettings = {
				ALWAYS_SEARCH_USER_PATHS = NO;
				CLANG_ANALYZER_NONNULL = YES;
				CLANG_ANALYZER_NUMBER_OBJECT_CONVERSION = YES_AGGRESSIVE;
				CLANG_CXX_LANGUAGE_STANDARD = "gnu++14";
				CLANG_CXX_LIBRARY = "libc++";
				CLANG_ENABLE_MODULES = YES;
				CLANG_ENABLE_OBJC_ARC = YES;
				CLANG_ENABLE_OBJC_WEAK = YES;
				CLANG_WARN_BLOCK_CAPTURE_AUTORELEASING = YES;
				CLANG_WARN_BOOL_CONVERSION = YES;
				CLANG_WARN_COMMA = YES;
				CLANG_WARN_CONSTANT_CONVERSION = YES;
				CLANG_WARN_DEPRECATED_OBJC_IMPLEMENTATIONS = YES;
				CLANG_WARN_DIRECT_OBJC_ISA_USAGE = YES_ERROR;
				CLANG_WARN_DOCUMENTATION_COMMENTS = YES;
				CLANG_WARN_EMPTY_BODY = YES;
				CLANG_WARN_ENUM_CONVERSION = YES;
				CLANG_WARN_INFINITE_RECURSION = YES;
				CLANG_WARN_INT_CONVERSION = YES;
				CLANG_WARN_NON_LITERAL_NULL_CONVERSION = YES;
				CLANG_WARN_OBJC_IMPLICIT_RETAIN_SELF = YES;
				CLANG_WARN_OBJC_LITERAL_CONVERSION = YES;
				CLANG_WARN_OBJC_ROOT_CLASS = YES_ERROR;
				CLANG_WARN_QUOTED_INCLUDE_IN_FRAMEWORK_HEADER = YES;
				CLANG_WARN_RANGE_LOOP_ANALYSIS = YES;
				CLANG_WARN_STRICT_PROTOTYPES = YES;
				CLANG_WARN_SUSPICIOUS_MOVE = YES;
				CLANG_WARN_UNGUARDED_AVAILABILITY = YES_AGGRESSIVE;
				CLANG_WARN_UNREACHABLE_CODE = YES;
				CLANG_WARN__DUPLICATE_METHOD_MATCH = YES;
				COPY_PHASE_STRIP = NO;
				DEBUG_INFORMATION_FORMAT = dwarf;
				ENABLE_STRICT_OBJC_MSGSEND = YES;
				ENABLE_TESTABILITY = YES;
				GCC_C_LANGUAGE_STANDARD = gnu11;
				GCC_DYNAMIC_NO_PIC = NO;
				GCC_NO_COMMON_BLOCKS = YES;
				GCC_OPTIMIZATION_LEVEL = 0;
				GCC_PREPROCESSOR_DEFINITIONS = (
					"DEBUG=1",
					"$(inherited)",
				);
				GCC_WARN_64_TO_32_BIT_CONVERSION = YES;
				GCC_WARN_ABOUT_RETURN_TYPE = YES_ERROR;
				GCC_WARN_UNDECLARED_SELECTOR = YES;
				GCC_WARN_UNINITIALIZED_AUTOS = YES_AGGRESSIVE;
				GCC_WARN_UNUSED_FUNCTION = YES;
				GCC_WARN_UNUSED_VARIABLE = YES;
				IPHONEOS_DEPLOYMENT_TARGET = 14.4;
				MTL_ENABLE_DEBUG_INFO = INCLUDE_SOURCE;
				MTL_FAST_MATH = YES;
				ONLY_ACTIVE_ARCH = YES;
				SDKROOT = iphoneos;
				SWIFT_ACTIVE_COMPILATION_CONDITIONS = DEBUG;
				SWIFT_OPTIMIZATION_LEVEL = "-Onone";
			};
			name = Debug;
		};
		BF5ECA802634799A000B10E8 /* Release */ = {
			isa = XCBuildConfiguration;
			buildSettings = {
				ALWAYS_SEARCH_USER_PATHS = NO;
				CLANG_ANALYZER_NONNULL = YES;
				CLANG_ANALYZER_NUMBER_OBJECT_CONVERSION = YES_AGGRESSIVE;
				CLANG_CXX_LANGUAGE_STANDARD = "gnu++14";
				CLANG_CXX_LIBRARY = "libc++";
				CLANG_ENABLE_MODULES = YES;
				CLANG_ENABLE_OBJC_ARC = YES;
				CLANG_ENABLE_OBJC_WEAK = YES;
				CLANG_WARN_BLOCK_CAPTURE_AUTORELEASING = YES;
				CLANG_WARN_BOOL_CONVERSION = YES;
				CLANG_WARN_COMMA = YES;
				CLANG_WARN_CONSTANT_CONVERSION = YES;
				CLANG_WARN_DEPRECATED_OBJC_IMPLEMENTATIONS = YES;
				CLANG_WARN_DIRECT_OBJC_ISA_USAGE = YES_ERROR;
				CLANG_WARN_DOCUMENTATION_COMMENTS = YES;
				CLANG_WARN_EMPTY_BODY = YES;
				CLANG_WARN_ENUM_CONVERSION = YES;
				CLANG_WARN_INFINITE_RECURSION = YES;
				CLANG_WARN_INT_CONVERSION = YES;
				CLANG_WARN_NON_LITERAL_NULL_CONVERSION = YES;
				CLANG_WARN_OBJC_IMPLICIT_RETAIN_SELF = YES;
				CLANG_WARN_OBJC_LITERAL_CONVERSION = YES;
				CLANG_WARN_OBJC_ROOT_CLASS = YES_ERROR;
				CLANG_WARN_QUOTED_INCLUDE_IN_FRAMEWORK_HEADER = YES;
				CLANG_WARN_RANGE_LOOP_ANALYSIS = YES;
				CLANG_WARN_STRICT_PROTOTYPES = YES;
				CLANG_WARN_SUSPICIOUS_MOVE = YES;
				CLANG_WARN_UNGUARDED_AVAILABILITY = YES_AGGRESSIVE;
				CLANG_WARN_UNREACHABLE_CODE = YES;
				CLANG_WARN__DUPLICATE_METHOD_MATCH = YES;
				COPY_PHASE_STRIP = NO;
				DEBUG_INFORMATION_FORMAT = "dwarf-with-dsym";
				ENABLE_NS_ASSERTIONS = NO;
				ENABLE_STRICT_OBJC_MSGSEND = YES;
				GCC_C_LANGUAGE_STANDARD = gnu11;
				GCC_NO_COMMON_BLOCKS = YES;
				GCC_WARN_64_TO_32_BIT_CONVERSION = YES;
				GCC_WARN_ABOUT_RETURN_TYPE = YES_ERROR;
				GCC_WARN_UNDECLARED_SELECTOR = YES;
				GCC_WARN_UNINITIALIZED_AUTOS = YES_AGGRESSIVE;
				GCC_WARN_UNUSED_FUNCTION = YES;
				GCC_WARN_UNUSED_VARIABLE = YES;
				IPHONEOS_DEPLOYMENT_TARGET = 14.4;
				MTL_ENABLE_DEBUG_INFO = NO;
				MTL_FAST_MATH = YES;
				SDKROOT = iphoneos;
				SWIFT_COMPILATION_MODE = wholemodule;
				SWIFT_OPTIMIZATION_LEVEL = "-O";
				VALIDATE_PRODUCT = YES;
			};
			name = Release;
		};
		BF5ECA822634799A000B10E8 /* Debug */ = {
			isa = XCBuildConfiguration;
			buildSettings = {
				ASSETCATALOG_COMPILER_APPICON_NAME = AppIcon;
				ASSETCATALOG_COMPILER_GLOBAL_ACCENT_COLOR_NAME = AccentColor;
				CODE_SIGN_STYLE = Automatic;
				INFOPLIST_FILE = "Marvel Heroes/Info.plist";
				LD_RUNPATH_SEARCH_PATHS = (
					"$(inherited)",
					"@executable_path/Frameworks",
				);
				PRODUCT_BUNDLE_IDENTIFIER = "com.cesar.Marvel-Heroes";
				PRODUCT_NAME = "$(TARGET_NAME)";
				SWIFT_VERSION = 5.0;
				TARGETED_DEVICE_FAMILY = "1,2";
			};
			name = Debug;
		};
		BF5ECA832634799A000B10E8 /* Release */ = {
			isa = XCBuildConfiguration;
			buildSettings = {
				ASSETCATALOG_COMPILER_APPICON_NAME = AppIcon;
				ASSETCATALOG_COMPILER_GLOBAL_ACCENT_COLOR_NAME = AccentColor;
				CODE_SIGN_STYLE = Automatic;
				INFOPLIST_FILE = "Marvel Heroes/Info.plist";
				LD_RUNPATH_SEARCH_PATHS = (
					"$(inherited)",
					"@executable_path/Frameworks",
				);
				PRODUCT_BUNDLE_IDENTIFIER = "com.cesar.Marvel-Heroes";
				PRODUCT_NAME = "$(TARGET_NAME)";
				SWIFT_VERSION = 5.0;
				TARGETED_DEVICE_FAMILY = "1,2";
			};
			name = Release;
		};
		BF5ECA852634799A000B10E8 /* Debug */ = {
			isa = XCBuildConfiguration;
			buildSettings = {
				ALWAYS_EMBED_SWIFT_STANDARD_LIBRARIES = YES;
				BUNDLE_LOADER = "$(TEST_HOST)";
				CODE_SIGN_STYLE = Automatic;
				INFOPLIST_FILE = "Marvel HeroesTests/Info.plist";
				IPHONEOS_DEPLOYMENT_TARGET = 14.4;
				LD_RUNPATH_SEARCH_PATHS = (
					"$(inherited)",
					"@executable_path/Frameworks",
					"@loader_path/Frameworks",
				);
				PRODUCT_BUNDLE_IDENTIFIER = "com.cesar.Marvel-HeroesTests";
				PRODUCT_NAME = "$(TARGET_NAME)";
				SWIFT_VERSION = 5.0;
				TARGETED_DEVICE_FAMILY = "1,2";
				TEST_HOST = "$(BUILT_PRODUCTS_DIR)/Marvel Heroes.app/Marvel Heroes";
			};
			name = Debug;
		};
		BF5ECA862634799A000B10E8 /* Release */ = {
			isa = XCBuildConfiguration;
			buildSettings = {
				ALWAYS_EMBED_SWIFT_STANDARD_LIBRARIES = YES;
				BUNDLE_LOADER = "$(TEST_HOST)";
				CODE_SIGN_STYLE = Automatic;
				INFOPLIST_FILE = "Marvel HeroesTests/Info.plist";
				IPHONEOS_DEPLOYMENT_TARGET = 14.4;
				LD_RUNPATH_SEARCH_PATHS = (
					"$(inherited)",
					"@executable_path/Frameworks",
					"@loader_path/Frameworks",
				);
				PRODUCT_BUNDLE_IDENTIFIER = "com.cesar.Marvel-HeroesTests";
				PRODUCT_NAME = "$(TARGET_NAME)";
				SWIFT_VERSION = 5.0;
				TARGETED_DEVICE_FAMILY = "1,2";
				TEST_HOST = "$(BUILT_PRODUCTS_DIR)/Marvel Heroes.app/Marvel Heroes";
			};
			name = Release;
		};
		BF5ECA882634799A000B10E8 /* Debug */ = {
			isa = XCBuildConfiguration;
			buildSettings = {
				ALWAYS_EMBED_SWIFT_STANDARD_LIBRARIES = YES;
				CODE_SIGN_STYLE = Automatic;
				INFOPLIST_FILE = "Marvel HeroesUITests/Info.plist";
				LD_RUNPATH_SEARCH_PATHS = (
					"$(inherited)",
					"@executable_path/Frameworks",
					"@loader_path/Frameworks",
				);
				PRODUCT_BUNDLE_IDENTIFIER = "com.cesar.Marvel-HeroesUITests";
				PRODUCT_NAME = "$(TARGET_NAME)";
				SWIFT_VERSION = 5.0;
				TARGETED_DEVICE_FAMILY = "1,2";
				TEST_TARGET_NAME = "Marvel Heroes";
			};
			name = Debug;
		};
		BF5ECA892634799A000B10E8 /* Release */ = {
			isa = XCBuildConfiguration;
			buildSettings = {
				ALWAYS_EMBED_SWIFT_STANDARD_LIBRARIES = YES;
				CODE_SIGN_STYLE = Automatic;
				INFOPLIST_FILE = "Marvel HeroesUITests/Info.plist";
				LD_RUNPATH_SEARCH_PATHS = (
					"$(inherited)",
					"@executable_path/Frameworks",
					"@loader_path/Frameworks",
				);
				PRODUCT_BUNDLE_IDENTIFIER = "com.cesar.Marvel-HeroesUITests";
				PRODUCT_NAME = "$(TARGET_NAME)";
				SWIFT_VERSION = 5.0;
				TARGETED_DEVICE_FAMILY = "1,2";
				TEST_TARGET_NAME = "Marvel Heroes";
			};
			name = Release;
		};
/* End XCBuildConfiguration section */

/* Begin XCConfigurationList section */
		BF5ECA4F26347995000B10E8 /* Build configuration list for PBXProject "Marvel Heroes" */ = {
			isa = XCConfigurationList;
			buildConfigurations = (
				BF5ECA7F2634799A000B10E8 /* Debug */,
				BF5ECA802634799A000B10E8 /* Release */,
			);
			defaultConfigurationIsVisible = 0;
			defaultConfigurationName = Release;
		};
		BF5ECA812634799A000B10E8 /* Build configuration list for PBXNativeTarget "Marvel Heroes" */ = {
			isa = XCConfigurationList;
			buildConfigurations = (
				BF5ECA822634799A000B10E8 /* Debug */,
				BF5ECA832634799A000B10E8 /* Release */,
			);
			defaultConfigurationIsVisible = 0;
			defaultConfigurationName = Release;
		};
		BF5ECA842634799A000B10E8 /* Build configuration list for PBXNativeTarget "Marvel HeroesTests" */ = {
			isa = XCConfigurationList;
			buildConfigurations = (
				BF5ECA852634799A000B10E8 /* Debug */,
				BF5ECA862634799A000B10E8 /* Release */,
			);
			defaultConfigurationIsVisible = 0;
			defaultConfigurationName = Release;
		};
		BF5ECA872634799A000B10E8 /* Build configuration list for PBXNativeTarget "Marvel HeroesUITests" */ = {
			isa = XCConfigurationList;
			buildConfigurations = (
				BF5ECA882634799A000B10E8 /* Debug */,
				BF5ECA892634799A000B10E8 /* Release */,
			);
			defaultConfigurationIsVisible = 0;
			defaultConfigurationName = Release;
		};
/* End XCConfigurationList section */

/* Begin XCVersionGroup section */
		BF5ECA6026347996000B10E8 /* Marvel_Heroes.xcdatamodeld */ = {
			isa = XCVersionGroup;
			children = (
				BF5ECA6126347996000B10E8 /* Marvel_Heroes.xcdatamodel */,
			);
			currentVersion = BF5ECA6126347996000B10E8 /* Marvel_Heroes.xcdatamodel */;
			path = Marvel_Heroes.xcdatamodeld;
			sourceTree = "<group>";
			versionGroupType = wrapper.xcdatamodel;
		};
/* End XCVersionGroup section */
	};
	rootObject = BF5ECA4C26347995000B10E8 /* Project object */;
}
